
Microsoft Visual Studio Solution File, Format Version 12.00
# Visual Studio Version 16
VisualStudioVersion = 16.0.29021.104
MinimumVisualStudioVersion = 10.0.40219.1
Project("{FAE04EC0-301F-11D3-BF4B-00C04F79EFBC}") = "Upload_Video_To_Youtube", "Upload_Video_To_Youtube\Upload_Video_To_Youtube.csproj", "{6C1986B0-F911-4FC0-8379-A905B51731C6}"
EndProject
Global
	GlobalSection(SolutionConfigurationPlatforms) = preSolution
		Debug|Any CPU = Debug|Any CPU
		Release|Any CPU = Release|Any CPU
	EndGlobalSection
	GlobalSection(ProjectConfigurationPlatforms) = postSolution
		{6C1986B0-F911-4FC0-8379-A905B51731C6}.Debug|Any CPU.ActiveCfg = Debug|Any CPU
		{6C1986B0-F911-4FC0-8379-A905B51731C6}.Debug|Any CPU.Build.0 = Debug|Any CPU
		{6C1986B0-F911-4FC0-8379-A905B51731C6}.Release|Any CPU.ActiveCfg = Release|Any CPU
		{6C1986B0-F911-4FC0-8379-A905B51731C6}.Release|Any CPU.Build.0 = Release|Any CPU
	EndGlobalSection
	GlobalSection(SolutionProperties) = preSolution
		HideSolutionNode = FALSE
	EndGlobalSection
	GlobalSection(ExtensibilityGlobals) = postSolution
		SolutionGuid = {7B18D22B-3FE4-46C4-BF36-03983DC95F7F}
	EndGlobalSection
EndGlobal
